
Microsoft Visual Studio Solution File, Format Version 12.00
# Visual Studio Version 17
VisualStudioVersion = 17.8.34601.278
MinimumVisualStudioVersion = 10.0.40219.1
Project("{FAE04EC0-301F-11D3-BF4B-00C04F79EFBC}") = "API", "API\API.csproj", "{B6ECBCD4-2332-45DA-9035-DC40BFD57558}"
EndProject
Global
	GlobalSection(SolutionConfigurationPlatforms) = preSolution
		Debug|Any CPU = Debug|Any CPU
		Release|Any CPU = Release|Any CPU
	EndGlobalSection
	GlobalSection(ProjectConfigurationPlatforms) = postSolution
		{B6ECBCD4-2332-45DA-9035-DC40BFD57558}.Debug|Any CPU.ActiveCfg = Debug|Any CPU
		{B6ECBCD4-2332-45DA-9035-DC40BFD57558}.Debug|Any CPU.Build.0 = Debug|Any CPU
		{B6ECBCD4-2332-45DA-9035-DC40BFD57558}.Release|Any CPU.ActiveCfg = Release|Any CPU
		{B6ECBCD4-2332-45DA-9035-DC40BFD57558}.Release|Any CPU.Build.0 = Release|Any CPU
	EndGlobalSection
	GlobalSection(SolutionProperties) = preSolution
		HideSolutionNode = FALSE
	EndGlobalSection
	GlobalSection(ExtensibilityGlobals) = postSolution
		SolutionGuid = {6F01DC6F-2E96-4A60-8C9A-6DD01E5CD839}
	EndGlobalSection
EndGlobal
